
Microsoft Visual Studio Solution File, Format Version 12.00
# Visual Studio Version 17
VisualStudioVersion = 17.9.34616.47
MinimumVisualStudioVersion = 10.0.40219.1
Project("{FAE04EC0-301F-11D3-BF4B-00C04F79EFBC}") = "Mission07_Fowler", "Mission07_Fowler\Mission07_Fowler.csproj", "{20227F28-5198-4C52-8244-720950B98091}"
EndProject
Global
	GlobalSection(SolutionConfigurationPlatforms) = preSolution
		Debug|Any CPU = Debug|Any CPU
		Release|Any CPU = Release|Any CPU
	EndGlobalSection
	GlobalSection(ProjectConfigurationPlatforms) = postSolution
		{20227F28-5198-4C52-8244-720950B98091}.Debug|Any CPU.ActiveCfg = Debug|Any CPU
		{20227F28-5198-4C52-8244-720950B98091}.Debug|Any CPU.Build.0 = Debug|Any CPU
		{20227F28-5198-4C52-8244-720950B98091}.Release|Any CPU.ActiveCfg = Release|Any CPU
		{20227F28-5198-4C52-8244-720950B98091}.Release|Any CPU.Build.0 = Release|Any CPU
	EndGlobalSection
	GlobalSection(SolutionProperties) = preSolution
		HideSolutionNode = FALSE
	EndGlobalSection
	GlobalSection(ExtensibilityGlobals) = postSolution
		SolutionGuid = {F6C07ED7-BF67-4ED0-AD1D-B03B01B40DCE}
	EndGlobalSection
EndGlobal
